
Microsoft Visual Studio Solution File, Format Version 12.00
# Visual Studio Version 17
VisualStudioVersion = 17.5.33627.172
MinimumVisualStudioVersion = 10.0.40219.1
Project("{FAE04EC0-301F-11D3-BF4B-00C04F79EFBC}") = "UnoApp1", "UnoApp1\UnoApp1.csproj", "{CF2A3986-585B-41F8-9E70-4D133E12D84C}"
EndProject
Project("{FAE04EC0-301F-11D3-BF4B-00C04F79EFBC}") = "UnoApp1.DataContracts", "UnoApp1.DataContracts\UnoApp1.DataContracts.csproj", "{4A9F5340-43B5-494F-8103-752527679FCE}"
EndProject
Project("{2150E333-8FDC-42A3-9474-1A3956D46DE8}") = "Tests", "Tests", "{81E71125-EF92-413C-B3C4-A17D641FC813}"
EndProject
Project("{9A19103F-16F7-4668-BE54-9A1E7A4F7556}") = "UnoApp1.Tests", "UnoApp1.Tests\UnoApp1.Tests.csproj", "{5AA2F4DB-68CA-4554-95D1-00114754E910}"
EndProject
Project("{9A19103F-16F7-4668-BE54-9A1E7A4F7556}") = "UnoApp1.UITests", "UnoApp1.UITests\UnoApp1.UITests.csproj", "{AB83316B-636C-488B-96B5-AA8F7171AEFC}"
EndProject
Project("{2150E333-8FDC-42A3-9474-1A3956D46DE8}") = "Backend", "Backend", "{B0F0D718-9BCB-4CE8-B843-7E1D3A257A68}"
EndProject
Project("{9A19103F-16F7-4668-BE54-9A1E7A4F7556}") = "UnoApp1.Server", "UnoApp1.Server\UnoApp1.Server.csproj", "{77C13F92-25A2-484E-BE3D-B1FD956847AC}"
EndProject
Project("{2150E333-8FDC-42A3-9474-1A3956D46DE8}") = "Platforms", "Platforms", "{AF382BF9-9829-4E23-A166-B25C43777CCE}"
EndProject
Project("{9A19103F-16F7-4668-BE54-9A1E7A4F7556}") = "UnoApp1.Mobile", "UnoApp1.Mobile\UnoApp1.Mobile.csproj", "{D4AAEB4D-39E1-4A0E-9CEF-6C401FC683E4}"
EndProject
Project("{9A19103F-16F7-4668-BE54-9A1E7A4F7556}") = "UnoApp1.Windows", "UnoApp1.Windows\UnoApp1.Windows.csproj", "{AE8CC982-A9D7-460E-BAE4-D407E319A39B}"
EndProject
Project("{9A19103F-16F7-4668-BE54-9A1E7A4F7556}") = "UnoApp1.Wasm", "UnoApp1.Wasm\UnoApp1.Wasm.csproj", "{71697841-256D-4750-A713-BD015B7F5C90}"
EndProject
Project("{9A19103F-16F7-4668-BE54-9A1E7A4F7556}") = "UnoApp1.Skia.Gtk", "UnoApp1.Skia.Gtk\UnoApp1.Skia.Gtk.csproj", "{790EA91B-27FB-484A-9C90-149625AD6923}"
EndProject
Global
	GlobalSection(SolutionConfigurationPlatforms) = preSolution
		Debug|Any CPU = Debug|Any CPU
		Debug|arm64 = Debug|arm64
		Debug|x64 = Debug|x64
		Debug|x86 = Debug|x86
		Release|Any CPU = Release|Any CPU
		Release|arm64 = Release|arm64
		Release|x64 = Release|x64
		Release|x86 = Release|x86
	EndGlobalSection
	GlobalSection(ProjectConfigurationPlatforms) = postSolution
		{CF2A3986-585B-41F8-9E70-4D133E12D84C}.Debug|Any CPU.ActiveCfg = Debug|Any CPU
		{CF2A3986-585B-41F8-9E70-4D133E12D84C}.Debug|Any CPU.Build.0 = Debug|Any CPU
		{CF2A3986-585B-41F8-9E70-4D133E12D84C}.Debug|arm64.ActiveCfg = Debug|Any CPU
		{CF2A3986-585B-41F8-9E70-4D133E12D84C}.Debug|arm64.Build.0 = Debug|Any CPU
		{CF2A3986-585B-41F8-9E70-4D133E12D84C}.Debug|x64.ActiveCfg = Debug|Any CPU
		{CF2A3986-585B-41F8-9E70-4D133E12D84C}.Debug|x64.Build.0 = Debug|Any CPU
		{CF2A3986-585B-41F8-9E70-4D133E12D84C}.Debug|x86.ActiveCfg = Debug|Any CPU
		{CF2A3986-585B-41F8-9E70-4D133E12D84C}.Debug|x86.Build.0 = Debug|Any CPU
		{CF2A3986-585B-41F8-9E70-4D133E12D84C}.Release|Any CPU.ActiveCfg = Release|Any CPU
		{CF2A3986-585B-41F8-9E70-4D133E12D84C}.Release|Any CPU.Build.0 = Release|Any CPU
		{CF2A3986-585B-41F8-9E70-4D133E12D84C}.Release|arm64.ActiveCfg = Release|Any CPU
		{CF2A3986-585B-41F8-9E70-4D133E12D84C}.Release|arm64.Build.0 = Release|Any CPU
		{CF2A3986-585B-41F8-9E70-4D133E12D84C}.Release|x64.ActiveCfg = Release|Any CPU
		{CF2A3986-585B-41F8-9E70-4D133E12D84C}.Release|x64.Build.0 = Release|Any CPU
		{CF2A3986-585B-41F8-9E70-4D133E12D84C}.Release|x86.ActiveCfg = Release|Any CPU
		{CF2A3986-585B-41F8-9E70-4D133E12D84C}.Release|x86.Build.0 = Release|Any CPU
		{4A9F5340-43B5-494F-8103-752527679FCE}.Debug|Any CPU.ActiveCfg = Debug|Any CPU
		{4A9F5340-43B5-494F-8103-752527679FCE}.Debug|Any CPU.Build.0 = Debug|Any CPU
		{4A9F5340-43B5-494F-8103-752527679FCE}.Debug|arm64.ActiveCfg = Debug|Any CPU
		{4A9F5340-43B5-494F-8103-752527679FCE}.Debug|arm64.Build.0 = Debug|Any CPU
		{4A9F5340-43B5-494F-8103-752527679FCE}.Debug|x64.ActiveCfg = Debug|Any CPU
		{4A9F5340-43B5-494F-8103-752527679FCE}.Debug|x64.Build.0 = Debug|Any CPU
		{4A9F5340-43B5-494F-8103-752527679FCE}.Debug|x86.ActiveCfg = Debug|Any CPU
		{4A9F5340-43B5-494F-8103-752527679FCE}.Debug|x86.Build.0 = Debug|Any CPU
		{4A9F5340-43B5-494F-8103-752527679FCE}.Release|Any CPU.ActiveCfg = Release|Any CPU
		{4A9F5340-43B5-494F-8103-752527679FCE}.Release|Any CPU.Build.0 = Release|Any CPU
		{4A9F5340-43B5-494F-8103-752527679FCE}.Release|arm64.ActiveCfg = Release|Any CPU
		{4A9F5340-43B5-494F-8103-752527679FCE}.Release|arm64.Build.0 = Release|Any CPU
		{4A9F5340-43B5-494F-8103-752527679FCE}.Release|x64.ActiveCfg = Release|Any CPU
		{4A9F5340-43B5-494F-8103-752527679FCE}.Release|x64.Build.0 = Release|Any CPU
		{4A9F5340-43B5-494F-8103-752527679FCE}.Release|x86.ActiveCfg = Release|Any CPU
		{4A9F5340-43B5-494F-8103-752527679FCE}.Release|x86.Build.0 = Release|Any CPU
		{5AA2F4DB-68CA-4554-95D1-00114754E910}.Debug|Any CPU.ActiveCfg = Debug|Any CPU
		{5AA2F4DB-68CA-4554-95D1-00114754E910}.Debug|Any CPU.Build.0 = Debug|Any CPU
		{5AA2F4DB-68CA-4554-95D1-00114754E910}.Debug|arm64.ActiveCfg = Debug|Any CPU
		{5AA2F4DB-68CA-4554-95D1-00114754E910}.Debug|arm64.Build.0 = Debug|Any CPU
		{5AA2F4DB-68CA-4554-95D1-00114754E910}.Debug|x64.ActiveCfg = Debug|Any CPU
		{5AA2F4DB-68CA-4554-95D1-00114754E910}.Debug|x64.Build.0 = Debug|Any CPU
		{5AA2F4DB-68CA-4554-95D1-00114754E910}.Debug|x86.ActiveCfg = Debug|Any CPU
		{5AA2F4DB-68CA-4554-95D1-00114754E910}.Debug|x86.Build.0 = Debug|Any CPU
		{5AA2F4DB-68CA-4554-95D1-00114754E910}.Release|Any CPU.ActiveCfg = Release|Any CPU
		{5AA2F4DB-68CA-4554-95D1-00114754E910}.Release|Any CPU.Build.0 = Release|Any CPU
		{5AA2F4DB-68CA-4554-95D1-00114754E910}.Release|arm64.ActiveCfg = Release|Any CPU
		{5AA2F4DB-68CA-4554-95D1-00114754E910}.Release|arm64.Build.0 = Release|Any CPU
		{5AA2F4DB-68CA-4554-95D1-00114754E910}.Release|x64.ActiveCfg = Release|Any CPU
		{5AA2F4DB-68CA-4554-95D1-00114754E910}.Release|x64.Build.0 = Release|Any CPU
		{5AA2F4DB-68CA-4554-95D1-00114754E910}.Release|x86.ActiveCfg = Release|Any CPU
		{5AA2F4DB-68CA-4554-95D1-00114754E910}.Release|x86.Build.0 = Release|Any CPU
		{AB83316B-636C-488B-96B5-AA8F7171AEFC}.Debug|Any CPU.ActiveCfg = Debug|Any CPU
		{AB83316B-636C-488B-96B5-AA8F7171AEFC}.Debug|Any CPU.Build.0 = Debug|Any CPU
		{AB83316B-636C-488B-96B5-AA8F7171AEFC}.Debug|arm64.ActiveCfg = Debug|Any CPU
		{AB83316B-636C-488B-96B5-AA8F7171AEFC}.Debug|arm64.Build.0 = Debug|Any CPU
		{AB83316B-636C-488B-96B5-AA8F7171AEFC}.Debug|x64.ActiveCfg = Debug|Any CPU
		{AB83316B-636C-488B-96B5-AA8F7171AEFC}.Debug|x64.Build.0 = Debug|Any CPU
		{AB83316B-636C-488B-96B5-AA8F7171AEFC}.Debug|x86.ActiveCfg = Debug|Any CPU
		{AB83316B-636C-488B-96B5-AA8F7171AEFC}.Debug|x86.Build.0 = Debug|Any CPU
		{AB83316B-636C-488B-96B5-AA8F7171AEFC}.Release|Any CPU.ActiveCfg = Release|Any CPU
		{AB83316B-636C-488B-96B5-AA8F7171AEFC}.Release|Any CPU.Build.0 = Release|Any CPU
		{AB83316B-636C-488B-96B5-AA8F7171AEFC}.Release|arm64.ActiveCfg = Release|Any CPU
		{AB83316B-636C-488B-96B5-AA8F7171AEFC}.Release|arm64.Build.0 = Release|Any CPU
		{AB83316B-636C-488B-96B5-AA8F7171AEFC}.Release|x64.ActiveCfg = Release|Any CPU
		{AB83316B-636C-488B-96B5-AA8F7171AEFC}.Release|x64.Build.0 = Release|Any CPU
		{AB83316B-636C-488B-96B5-AA8F7171AEFC}.Release|x86.ActiveCfg = Release|Any CPU
		{AB83316B-636C-488B-96B5-AA8F7171AEFC}.Release|x86.Build.0 = Release|Any CPU
		{77C13F92-25A2-484E-BE3D-B1FD956847AC}.Debug|Any CPU.ActiveCfg = Debug|Any CPU
		{77C13F92-25A2-484E-BE3D-B1FD956847AC}.Debug|Any CPU.Build.0 = Debug|Any CPU
		{77C13F92-25A2-484E-BE3D-B1FD956847AC}.Debug|arm64.ActiveCfg = Debug|Any CPU
		{77C13F92-25A2-484E-BE3D-B1FD956847AC}.Debug|arm64.Build.0 = Debug|Any CPU
		{77C13F92-25A2-484E-BE3D-B1FD956847AC}.Debug|x64.ActiveCfg = Debug|Any CPU
		{77C13F92-25A2-484E-BE3D-B1FD956847AC}.Debug|x64.Build.0 = Debug|Any CPU
		{77C13F92-25A2-484E-BE3D-B1FD956847AC}.Debug|x86.ActiveCfg = Debug|Any CPU
		{77C13F92-25A2-484E-BE3D-B1FD956847AC}.Debug|x86.Build.0 = Debug|Any CPU
		{77C13F92-25A2-484E-BE3D-B1FD956847AC}.Release|Any CPU.ActiveCfg = Release|Any CPU
		{77C13F92-25A2-484E-BE3D-B1FD956847AC}.Release|Any CPU.Build.0 = Release|Any CPU
		{77C13F92-25A2-484E-BE3D-B1FD956847AC}.Release|arm64.ActiveCfg = Release|Any CPU
		{77C13F92-25A2-484E-BE3D-B1FD956847AC}.Release|arm64.Build.0 = Release|Any CPU
		{77C13F92-25A2-484E-BE3D-B1FD956847AC}.Release|x64.ActiveCfg = Release|Any CPU
		{77C13F92-25A2-484E-BE3D-B1FD956847AC}.Release|x64.Build.0 = Release|Any CPU
		{77C13F92-25A2-484E-BE3D-B1FD956847AC}.Release|x86.ActiveCfg = Release|Any CPU
		{77C13F92-25A2-484E-BE3D-B1FD956847AC}.Release|x86.Build.0 = Release|Any CPU
		{D4AAEB4D-39E1-4A0E-9CEF-6C401FC683E4}.Debug|Any CPU.ActiveCfg = Debug|Any CPU
		{D4AAEB4D-39E1-4A0E-9CEF-6C401FC683E4}.Debug|Any CPU.Build.0 = Debug|Any CPU
		{D4AAEB4D-39E1-4A0E-9CEF-6C401FC683E4}.Debug|Any CPU.Deploy.0 = Debug|Any CPU
		{D4AAEB4D-39E1-4A0E-9CEF-6C401FC683E4}.Debug|arm64.ActiveCfg = Debug|Any CPU
		{D4AAEB4D-39E1-4A0E-9CEF-6C401FC683E4}.Debug|arm64.Build.0 = Debug|Any CPU
		{D4AAEB4D-39E1-4A0E-9CEF-6C401FC683E4}.Debug|arm64.Deploy.0 = Debug|Any CPU
		{D4AAEB4D-39E1-4A0E-9CEF-6C401FC683E4}.Debug|x64.ActiveCfg = Debug|Any CPU
		{D4AAEB4D-39E1-4A0E-9CEF-6C401FC683E4}.Debug|x64.Build.0 = Debug|Any CPU
		{D4AAEB4D-39E1-4A0E-9CEF-6C401FC683E4}.Debug|x64.Deploy.0 = Debug|Any CPU
		{D4AAEB4D-39E1-4A0E-9CEF-6C401FC683E4}.Debug|x86.ActiveCfg = Debug|Any CPU
		{D4AAEB4D-39E1-4A0E-9CEF-6C401FC683E4}.Debug|x86.Build.0 = Debug|Any CPU
		{D4AAEB4D-39E1-4A0E-9CEF-6C401FC683E4}.Debug|x86.Deploy.0 = Debug|Any CPU
		{D4AAEB4D-39E1-4A0E-9CEF-6C401FC683E4}.Release|Any CPU.ActiveCfg = Release|Any CPU
		{D4AAEB4D-39E1-4A0E-9CEF-6C401FC683E4}.Release|Any CPU.Build.0 = Release|Any CPU
		{D4AAEB4D-39E1-4A0E-9CEF-6C401FC683E4}.Release|Any CPU.Deploy.0 = Release|Any CPU
		{D4AAEB4D-39E1-4A0E-9CEF-6C401FC683E4}.Release|arm64.ActiveCfg = Release|Any CPU
		{D4AAEB4D-39E1-4A0E-9CEF-6C401FC683E4}.Release|arm64.Build.0 = Release|Any CPU
		{D4AAEB4D-39E1-4A0E-9CEF-6C401FC683E4}.Release|arm64.Deploy.0 = Release|Any CPU
		{D4AAEB4D-39E1-4A0E-9CEF-6C401FC683E4}.Release|x64.ActiveCfg = Release|Any CPU
		{D4AAEB4D-39E1-4A0E-9CEF-6C401FC683E4}.Release|x64.Build.0 = Release|Any CPU
		{D4AAEB4D-39E1-4A0E-9CEF-6C401FC683E4}.Release|x64.Deploy.0 = Release|Any CPU
		{D4AAEB4D-39E1-4A0E-9CEF-6C401FC683E4}.Release|x86.ActiveCfg = Release|Any CPU
		{D4AAEB4D-39E1-4A0E-9CEF-6C401FC683E4}.Release|x86.Build.0 = Release|Any CPU
		{D4AAEB4D-39E1-4A0E-9CEF-6C401FC683E4}.Release|x86.Deploy.0 = Release|Any CPU
		{AE8CC982-A9D7-460E-BAE4-D407E319A39B}.Debug|Any CPU.ActiveCfg = Debug|x64
		{AE8CC982-A9D7-460E-BAE4-D407E319A39B}.Debug|Any CPU.Build.0 = Debug|x64
		{AE8CC982-A9D7-460E-BAE4-D407E319A39B}.Debug|Any CPU.Deploy.0 = Debug|x64
		{AE8CC982-A9D7-460E-BAE4-D407E319A39B}.Debug|arm64.ActiveCfg = Debug|arm64
		{AE8CC982-A9D7-460E-BAE4-D407E319A39B}.Debug|arm64.Build.0 = Debug|arm64
		{AE8CC982-A9D7-460E-BAE4-D407E319A39B}.Debug|arm64.Deploy.0 = Debug|arm64
		{AE8CC982-A9D7-460E-BAE4-D407E319A39B}.Debug|x64.ActiveCfg = Debug|x64
		{AE8CC982-A9D7-460E-BAE4-D407E319A39B}.Debug|x64.Build.0 = Debug|x64
		{AE8CC982-A9D7-460E-BAE4-D407E319A39B}.Debug|x64.Deploy.0 = Debug|x64
		{AE8CC982-A9D7-460E-BAE4-D407E319A39B}.Debug|x86.ActiveCfg = Debug|x86
		{AE8CC982-A9D7-460E-BAE4-D407E319A39B}.Debug|x86.Build.0 = Debug|x86
		{AE8CC982-A9D7-460E-BAE4-D407E319A39B}.Debug|x86.Deploy.0 = Debug|x86
		{AE8CC982-A9D7-460E-BAE4-D407E319A39B}.Release|Any CPU.ActiveCfg = Release|x64
		{AE8CC982-A9D7-460E-BAE4-D407E319A39B}.Release|Any CPU.Build.0 = Release|x64
		{AE8CC982-A9D7-460E-BAE4-D407E319A39B}.Release|Any CPU.Deploy.0 = Release|x64
		{AE8CC982-A9D7-460E-BAE4-D407E319A39B}.Release|arm64.ActiveCfg = Release|arm64
		{AE8CC982-A9D7-460E-BAE4-D407E319A39B}.Release|arm64.Build.0 = Release|arm64
		{AE8CC982-A9D7-460E-BAE4-D407E319A39B}.Release|arm64.Deploy.0 = Release|arm64
		{AE8CC982-A9D7-460E-BAE4-D407E319A39B}.Release|x64.ActiveCfg = Release|x64
		{AE8CC982-A9D7-460E-BAE4-D407E319A39B}.Release|x64.Build.0 = Release|x64
		{AE8CC982-A9D7-460E-BAE4-D407E319A39B}.Release|x64.Deploy.0 = Release|x64
		{AE8CC982-A9D7-460E-BAE4-D407E319A39B}.Release|x86.ActiveCfg = Release|x86
		{AE8CC982-A9D7-460E-BAE4-D407E319A39B}.Release|x86.Build.0 = Release|x86
		{AE8CC982-A9D7-460E-BAE4-D407E319A39B}.Release|x86.Deploy.0 = Release|x86
		{71697841-256D-4750-A713-BD015B7F5C90}.Debug|Any CPU.ActiveCfg = Debug|Any CPU
		{71697841-256D-4750-A713-BD015B7F5C90}.Debug|Any CPU.Build.0 = Debug|Any CPU
		{71697841-256D-4750-A713-BD015B7F5C90}.Debug|arm64.ActiveCfg = Debug|Any CPU
		{71697841-256D-4750-A713-BD015B7F5C90}.Debug|arm64.Build.0 = Debug|Any CPU
		{71697841-256D-4750-A713-BD015B7F5C90}.Debug|x64.ActiveCfg = Debug|Any CPU
		{71697841-256D-4750-A713-BD015B7F5C90}.Debug|x64.Build.0 = Debug|Any CPU
		{71697841-256D-4750-A713-BD015B7F5C90}.Debug|x86.ActiveCfg = Debug|Any CPU
		{71697841-256D-4750-A713-BD015B7F5C90}.Debug|x86.Build.0 = Debug|Any CPU
		{71697841-256D-4750-A713-BD015B7F5C90}.Release|Any CPU.ActiveCfg = Release|Any CPU
		{71697841-256D-4750-A713-BD015B7F5C90}.Release|Any CPU.Build.0 = Release|Any CPU
		{71697841-256D-4750-A713-BD015B7F5C90}.Release|arm64.ActiveCfg = Release|Any CPU
		{71697841-256D-4750-A713-BD015B7F5C90}.Release|arm64.Build.0 = Release|Any CPU
		{71697841-256D-4750-A713-BD015B7F5C90}.Release|x64.ActiveCfg = Release|Any CPU
		{71697841-256D-4750-A713-BD015B7F5C90}.Release|x64.Build.0 = Release|Any CPU
		{71697841-256D-4750-A713-BD015B7F5C90}.Release|x86.ActiveCfg = Release|Any CPU
		{71697841-256D-4750-A713-BD015B7F5C90}.Release|x86.Build.0 = Release|Any CPU
		{790EA91B-27FB-484A-9C90-149625AD6923}.Debug|Any CPU.ActiveCfg = Debug|Any CPU
		{790EA91B-27FB-484A-9C90-149625AD6923}.Debug|Any CPU.Build.0 = Debug|Any CPU
		{790EA91B-27FB-484A-9C90-149625AD6923}.Debug|arm64.ActiveCfg = Debug|Any CPU
		{790EA91B-27FB-484A-9C90-149625AD6923}.Debug|arm64.Build.0 = Debug|Any CPU
		{790EA91B-27FB-484A-9C90-149625AD6923}.Debug|x64.ActiveCfg = Debug|Any CPU
		{790EA91B-27FB-484A-9C90-149625AD6923}.Debug|x64.Build.0 = Debug|Any CPU
		{790EA91B-27FB-484A-9C90-149625AD6923}.Debug|x86.ActiveCfg = Debug|Any CPU
		{790EA91B-27FB-484A-9C90-149625AD6923}.Debug|x86.Build.0 = Debug|Any CPU
		{790EA91B-27FB-484A-9C90-149625AD6923}.Release|Any CPU.ActiveCfg = Release|Any CPU
		{790EA91B-27FB-484A-9C90-149625AD6923}.Release|Any CPU.Build.0 = Release|Any CPU
		{790EA91B-27FB-484A-9C90-149625AD6923}.Release|arm64.ActiveCfg = Release|Any CPU
		{790EA91B-27FB-484A-9C90-149625AD6923}.Release|arm64.Build.0 = Release|Any CPU
		{790EA91B-27FB-484A-9C90-149625AD6923}.Release|x64.ActiveCfg = Release|Any CPU
		{790EA91B-27FB-484A-9C90-149625AD6923}.Release|x64.Build.0 = Release|Any CPU
		{790EA91B-27FB-484A-9C90-149625AD6923}.Release|x86.ActiveCfg = Release|Any CPU
		{790EA91B-27FB-484A-9C90-149625AD6923}.Release|x86.Build.0 = Release|Any CPU
	EndGlobalSection
	GlobalSection(SolutionProperties) = preSolution
		HideSolutionNode = FALSE
	EndGlobalSection
	GlobalSection(NestedProjects) = preSolution
		{5AA2F4DB-68CA-4554-95D1-00114754E910} = {81E71125-EF92-413C-B3C4-A17D641FC813}
		{AB83316B-636C-488B-96B5-AA8F7171AEFC} = {81E71125-EF92-413C-B3C4-A17D641FC813}
		{77C13F92-25A2-484E-BE3D-B1FD956847AC} = {B0F0D718-9BCB-4CE8-B843-7E1D3A257A68}
		{D4AAEB4D-39E1-4A0E-9CEF-6C401FC683E4} = {AF382BF9-9829-4E23-A166-B25C43777CCE}
		{AE8CC982-A9D7-460E-BAE4-D407E319A39B} = {AF382BF9-9829-4E23-A166-B25C43777CCE}
		{71697841-256D-4750-A713-BD015B7F5C90} = {AF382BF9-9829-4E23-A166-B25C43777CCE}
		{790EA91B-27FB-484A-9C90-149625AD6923} = {AF382BF9-9829-4E23-A166-B25C43777CCE}
	EndGlobalSection
	GlobalSection(ExtensibilityGlobals) = postSolution
		SolutionGuid = {57BBF1E1-ABED-41F5-86ED-4981D5BDF4CD}
	EndGlobalSection
EndGlobal
